
Microsoft Visual Studio Solution File, Format Version 12.00
# Visual Studio Version 16
VisualStudioVersion = 16.0.28803.352
MinimumVisualStudioVersion = 10.0.40219.1
Project("{9A19103F-16F7-4668-BE54-9A1E7A4F7556}") = "PeopleApp", "PeopleApp\PeopleApp.csproj", "{59645F6B-7D7F-49BF-8F7F-82A5AAD37E0D}"
EndProject
Project("{9A19103F-16F7-4668-BE54-9A1E7A4F7556}") = "Codehaks.Pagination", "..\..\Dev\Nuget\TagHelpers\Pagination\Pagination\Codehaks.Pagination\Codehaks.Pagination.csproj", "{4D88AD23-6D93-4084-862D-894525D10A3E}"
EndProject
Global
	GlobalSection(SolutionConfigurationPlatforms) = preSolution
		Debug|Any CPU = Debug|Any CPU
		Release|Any CPU = Release|Any CPU
	EndGlobalSection
	GlobalSection(ProjectConfigurationPlatforms) = postSolution
		{59645F6B-7D7F-49BF-8F7F-82A5AAD37E0D}.Debug|Any CPU.ActiveCfg = Debug|Any CPU
		{59645F6B-7D7F-49BF-8F7F-82A5AAD37E0D}.Debug|Any CPU.Build.0 = Debug|Any CPU
		{59645F6B-7D7F-49BF-8F7F-82A5AAD37E0D}.Release|Any CPU.ActiveCfg = Release|Any CPU
		{59645F6B-7D7F-49BF-8F7F-82A5AAD37E0D}.Release|Any CPU.Build.0 = Release|Any CPU
		{4D88AD23-6D93-4084-862D-894525D10A3E}.Debug|Any CPU.ActiveCfg = Debug|Any CPU
		{4D88AD23-6D93-4084-862D-894525D10A3E}.Debug|Any CPU.Build.0 = Debug|Any CPU
		{4D88AD23-6D93-4084-862D-894525D10A3E}.Release|Any CPU.ActiveCfg = Release|Any CPU
		{4D88AD23-6D93-4084-862D-894525D10A3E}.Release|Any CPU.Build.0 = Release|Any CPU
	EndGlobalSection
	GlobalSection(SolutionProperties) = preSolution
		HideSolutionNode = FALSE
	EndGlobalSection
	GlobalSection(ExtensibilityGlobals) = postSolution
		SolutionGuid = {92ACD5F7-7FE2-4C25-A578-EBC7F49872F1}
	EndGlobalSection
EndGlobal
